
Microsoft Visual Studio Solution File, Format Version 12.00
# Visual Studio Version 16
VisualStudioVersion = 16.0.30804.86
MinimumVisualStudioVersion = 10.0.40219.1
Project("{FAE04EC0-301F-11D3-BF4B-00C04F79EFBC}") = "HelloWorld", "HelloWorld\HelloWorld.csproj", "{819942D7-977C-4D3F-B7AF-A2E5E06CE647}"
EndProject
Global
	GlobalSection(SolutionConfigurationPlatforms) = preSolution
		Debug|Any CPU = Debug|Any CPU
		Release|Any CPU = Release|Any CPU
	EndGlobalSection
	GlobalSection(ProjectConfigurationPlatforms) = postSolution
		{819942D7-977C-4D3F-B7AF-A2E5E06CE647}.Debug|Any CPU.ActiveCfg = Debug|Any CPU
		{819942D7-977C-4D3F-B7AF-A2E5E06CE647}.Debug|Any CPU.Build.0 = Debug|Any CPU
		{819942D7-977C-4D3F-B7AF-A2E5E06CE647}.Release|Any CPU.ActiveCfg = Release|Any CPU
		{819942D7-977C-4D3F-B7AF-A2E5E06CE647}.Release|Any CPU.Build.0 = Release|Any CPU
	EndGlobalSection
	GlobalSection(SolutionProperties) = preSolution
		HideSolutionNode = FALSE
	EndGlobalSection
	GlobalSection(ExtensibilityGlobals) = postSolution
		SolutionGuid = {BB4E48B9-AE0C-450C-8F82-BAAD7A90A5DE}
	EndGlobalSection
EndGlobal
